
Microsoft Visual Studio Solution File, Format Version 12.00
# Visual Studio Version 17
VisualStudioVersion = 17.6.33706.43
MinimumVisualStudioVersion = 10.0.40219.1
Project("{FAE04EC0-301F-11D3-BF4B-00C04F79EFBC}") = "AttendanceTask", "AttendanceTask\AttendanceTask.csproj", "{44DE0331-6850-42F8-97C0-4A386491975A}"
EndProject
Global
	GlobalSection(SolutionConfigurationPlatforms) = preSolution
		Debug|Any CPU = Debug|Any CPU
		Release|Any CPU = Release|Any CPU
	EndGlobalSection
	GlobalSection(ProjectConfigurationPlatforms) = postSolution
		{44DE0331-6850-42F8-97C0-4A386491975A}.Debug|Any CPU.ActiveCfg = Debug|Any CPU
		{44DE0331-6850-42F8-97C0-4A386491975A}.Debug|Any CPU.Build.0 = Debug|Any CPU
		{44DE0331-6850-42F8-97C0-4A386491975A}.Release|Any CPU.ActiveCfg = Release|Any CPU
		{44DE0331-6850-42F8-97C0-4A386491975A}.Release|Any CPU.Build.0 = Release|Any CPU
	EndGlobalSection
	GlobalSection(SolutionProperties) = preSolution
		HideSolutionNode = FALSE
	EndGlobalSection
	GlobalSection(ExtensibilityGlobals) = postSolution
		SolutionGuid = {8601D99B-0F5E-4D8B-8E97-2AF61BDFB0C7}
	EndGlobalSection
EndGlobal
